# This file is automatically @generated by Cargo.
# It is not intended for manual editing.
version = 4

[[package]]
name = "aes-internals"
version = "0.1.0"

[[package]]
name = "chacha20-stream-cipher"
version = "0.1.0"

[[package]]
name = "crdt-counters-sets-sequences"
version = "0.1.0"

[[package]]
name = "observability-metrics-traces-logs"
version = "0.1.0"

[[package]]
name = "paxos-single-decree"
version = "0.1.0"

[[package]]
name = "raft-consensus"
version = "0.1.0"

[[package]]
name = "replication"
version = "0.1.0"
